        "chartjs-chart-matrix": "^1.2.0",
    "node_modules/chartjs-chart-matrix": {
      "version": "1.3.0",
      "resolved": "https://registry.npmjs.org/chartjs-chart-matrix/-/chartjs-chart-matrix-1.3.0.tgz",
      "integrity": "sha512-oPmyxY60tJDBFbnhXcmcJujs+F1a2uMvb9HOhSeV2/5k8L9LApWtyRJzwNWawMl8vDbWdhAfobq06b4AcdwE3Q==",
      "license": "MIT",
      "peerDependencies": {
        "chart.js": ">=3.0.0"
      }
    },
    "chartjs-chart-matrix": {
      "version": "1.3.0",
      "resolved": "https://registry.npmjs.org/chartjs-chart-matrix/-/chartjs-chart-matrix-1.3.0.tgz",
      "integrity": "sha512-oPmyxY60tJDBFbnhXcmcJujs+F1a2uMvb9HOhSeV2/5k8L9LApWtyRJzwNWawMl8vDbWdhAfobq06b4AcdwE3Q==",
      "requires": {}
    },
